
Microsoft Visual Studio Solution File, Format Version 12.00
# Visual Studio Version 17
VisualStudioVersion = 17.0.31903.59
MinimumVisualStudioVersion = 10.0.40219.1
Project("{FAE04EC0-301F-11D3-BF4B-00C04F79EFBC}") = "GTS.Core", "GTS.Core\GTS.Core.csproj", "{80B048B0-DE65-4965-B1C6-A38AB0A54DC0}"
EndProject
Project("{FAE04EC0-301F-11D3-BF4B-00C04F79EFBC}") = "GTS.AppConsole", "GTS.AppConsole\GTS.AppConsole.csproj", "{95203BE1-FE7E-420E-97A1-0D1B324B9C85}"
EndProject
Project("{FAE04EC0-301F-11D3-BF4B-00C04F79EFBC}") = "GTS.AppWeb", "GTS.AppWeb\GTS.AppWeb\GTS.AppWeb.csproj", "{BFC52C1B-A47B-4DF1-8D42-A6442FF5D3F5}"
EndProject
Project("{FAE04EC0-301F-11D3-BF4B-00C04F79EFBC}") = "GTS.AppWeb.Client", "GTS.AppWeb\GTS.AppWeb.Client\GTS.AppWeb.Client.csproj", "{03900A8A-435A-483B-98BB-BF1EB7569934}"
EndProject
Global
	GlobalSection(SolutionConfigurationPlatforms) = preSolution
		Debug|Any CPU = Debug|Any CPU
		Release|Any CPU = Release|Any CPU
	EndGlobalSection
	GlobalSection(SolutionProperties) = preSolution
		HideSolutionNode = FALSE
	EndGlobalSection
	GlobalSection(ProjectConfigurationPlatforms) = postSolution
		{80B048B0-DE65-4965-B1C6-A38AB0A54DC0}.Debug|Any CPU.ActiveCfg = Debug|Any CPU
		{80B048B0-DE65-4965-B1C6-A38AB0A54DC0}.Debug|Any CPU.Build.0 = Debug|Any CPU
		{80B048B0-DE65-4965-B1C6-A38AB0A54DC0}.Release|Any CPU.ActiveCfg = Release|Any CPU
		{80B048B0-DE65-4965-B1C6-A38AB0A54DC0}.Release|Any CPU.Build.0 = Release|Any CPU
		{95203BE1-FE7E-420E-97A1-0D1B324B9C85}.Debug|Any CPU.ActiveCfg = Debug|Any CPU
		{95203BE1-FE7E-420E-97A1-0D1B324B9C85}.Debug|Any CPU.Build.0 = Debug|Any CPU
		{95203BE1-FE7E-420E-97A1-0D1B324B9C85}.Release|Any CPU.ActiveCfg = Release|Any CPU
		{95203BE1-FE7E-420E-97A1-0D1B324B9C85}.Release|Any CPU.Build.0 = Release|Any CPU
		{BFC52C1B-A47B-4DF1-8D42-A6442FF5D3F5}.Debug|Any CPU.ActiveCfg = Debug|Any CPU
		{BFC52C1B-A47B-4DF1-8D42-A6442FF5D3F5}.Debug|Any CPU.Build.0 = Debug|Any CPU
		{BFC52C1B-A47B-4DF1-8D42-A6442FF5D3F5}.Release|Any CPU.ActiveCfg = Release|Any CPU
		{BFC52C1B-A47B-4DF1-8D42-A6442FF5D3F5}.Release|Any CPU.Build.0 = Release|Any CPU
		{03900A8A-435A-483B-98BB-BF1EB7569934}.Debug|Any CPU.ActiveCfg = Debug|Any CPU
		{03900A8A-435A-483B-98BB-BF1EB7569934}.Debug|Any CPU.Build.0 = Debug|Any CPU
		{03900A8A-435A-483B-98BB-BF1EB7569934}.Release|Any CPU.ActiveCfg = Release|Any CPU
		{03900A8A-435A-483B-98BB-BF1EB7569934}.Release|Any CPU.Build.0 = Release|Any CPU
	EndGlobalSection
EndGlobal
