
Microsoft Visual Studio Solution File, Format Version 12.00
# Visual Studio Version 17
VisualStudioVersion = 17.0.31903.59
MinimumVisualStudioVersion = 10.0.40219.1
Project("{FAE04EC0-301F-11D3-BF4B-00C04F79EFBC}") = "GTS.Core", "GTS.Core\GTS.Core.csproj", "{80B048B0-DE65-4965-B1C6-A38AB0A54DC0}"
EndProject
Project("{FAE04EC0-301F-11D3-BF4B-00C04F79EFBC}") = "GTS.AppConsole", "GTS.AppConsole\GTS.AppConsole.csproj", "{95203BE1-FE7E-420E-97A1-0D1B324B9C85}"
EndProject
Project("{FAE04EC0-301F-11D3-BF4B-00C04F79EFBC}") = "GTS.AppWeb", "GTS.AppWeb\GTS.AppWeb.csproj", "{E548E841-DA07-40F8-A3DF-86C3AB6F4AB6}"
EndProject
Project("{FAE04EC0-301F-11D3-BF4B-00C04F79EFBC}") = "GTS.Core.Tests", "GTS.Core.Tests\GTS.Core.Tests.csproj", "{0C5E5423-2BF2-4E24-B545-D070A5DEC7EA}"
EndProject
Global
	GlobalSection(SolutionConfigurationPlatforms) = preSolution
		Debug|Any CPU = Debug|Any CPU
		Release|Any CPU = Release|Any CPU
	EndGlobalSection
	GlobalSection(SolutionProperties) = preSolution
		HideSolutionNode = FALSE
	EndGlobalSection
	GlobalSection(ProjectConfigurationPlatforms) = postSolution
		{80B048B0-DE65-4965-B1C6-A38AB0A54DC0}.Debug|Any CPU.ActiveCfg = Debug|Any CPU
		{80B048B0-DE65-4965-B1C6-A38AB0A54DC0}.Debug|Any CPU.Build.0 = Debug|Any CPU
		{80B048B0-DE65-4965-B1C6-A38AB0A54DC0}.Release|Any CPU.ActiveCfg = Release|Any CPU
		{80B048B0-DE65-4965-B1C6-A38AB0A54DC0}.Release|Any CPU.Build.0 = Release|Any CPU
		{95203BE1-FE7E-420E-97A1-0D1B324B9C85}.Debug|Any CPU.ActiveCfg = Debug|Any CPU
		{95203BE1-FE7E-420E-97A1-0D1B324B9C85}.Debug|Any CPU.Build.0 = Debug|Any CPU
		{95203BE1-FE7E-420E-97A1-0D1B324B9C85}.Release|Any CPU.ActiveCfg = Release|Any CPU
		{95203BE1-FE7E-420E-97A1-0D1B324B9C85}.Release|Any CPU.Build.0 = Release|Any CPU
		{E548E841-DA07-40F8-A3DF-86C3AB6F4AB6}.Debug|Any CPU.ActiveCfg = Debug|Any CPU
		{E548E841-DA07-40F8-A3DF-86C3AB6F4AB6}.Debug|Any CPU.Build.0 = Debug|Any CPU
		{E548E841-DA07-40F8-A3DF-86C3AB6F4AB6}.Release|Any CPU.ActiveCfg = Release|Any CPU
		{E548E841-DA07-40F8-A3DF-86C3AB6F4AB6}.Release|Any CPU.Build.0 = Release|Any CPU
		{0C5E5423-2BF2-4E24-B545-D070A5DEC7EA}.Debug|Any CPU.ActiveCfg = Debug|Any CPU
		{0C5E5423-2BF2-4E24-B545-D070A5DEC7EA}.Debug|Any CPU.Build.0 = Debug|Any CPU
		{0C5E5423-2BF2-4E24-B545-D070A5DEC7EA}.Release|Any CPU.ActiveCfg = Release|Any CPU
		{0C5E5423-2BF2-4E24-B545-D070A5DEC7EA}.Release|Any CPU.Build.0 = Release|Any CPU
	EndGlobalSection
EndGlobal
